
Microsoft Visual Studio Solution File, Format Version 12.00
# Visual Studio 15
VisualStudioVersion = 15.0.28010.2026
MinimumVisualStudioVersion = 10.0.40219.1
Project("{E24C65DC-7377-472B-9ABA-BC803B73C61A}") = "js-ColoredPoints", "js-ColoredPoints\", "{1179B59A-6299-40FC-973A-2F6FAD401ED4}"
	ProjectSection(WebsiteProperties) = preProject
		TargetFrameworkMoniker = ".NETFramework,Version%3Dv4.6.1"
		Debug.AspNetCompiler.VirtualPath = "/localhost_56857"
		Debug.AspNetCompiler.PhysicalPath = "js-ColoredPoints\"
		Debug.AspNetCompiler.TargetPath = "PrecompiledWeb\localhost_56857\"
		Debug.AspNetCompiler.Updateable = "true"
		Debug.AspNetCompiler.ForceOverwrite = "true"
		Debug.AspNetCompiler.FixedNames = "false"
		Debug.AspNetCompiler.Debug = "True"
		Release.AspNetCompiler.VirtualPath = "/localhost_56857"
		Release.AspNetCompiler.PhysicalPath = "js-ColoredPoints\"
		Release.AspNetCompiler.TargetPath = "PrecompiledWeb\localhost_56857\"
		Release.AspNetCompiler.Updateable = "true"
		Release.AspNetCompiler.ForceOverwrite = "true"
		Release.AspNetCompiler.FixedNames = "false"
		Release.AspNetCompiler.Debug = "False"
		VWDPort = "56857"
		SlnRelativePath = "js-ColoredPoints\"
		DefaultWebSiteLanguage = "Visual C#"
	EndProjectSection
EndProject
Global
	GlobalSection(SolutionConfigurationPlatforms) = preSolution
		Debug|Any CPU = Debug|Any CPU
	EndGlobalSection
	GlobalSection(ProjectConfigurationPlatforms) = postSolution
		{1179B59A-6299-40FC-973A-2F6FAD401ED4}.Debug|Any CPU.ActiveCfg = Debug|Any CPU
		{1179B59A-6299-40FC-973A-2F6FAD401ED4}.Debug|Any CPU.Build.0 = Debug|Any CPU
	EndGlobalSection
	GlobalSection(SolutionProperties) = preSolution
		HideSolutionNode = FALSE
	EndGlobalSection
	GlobalSection(ExtensibilityGlobals) = postSolution
		SolutionGuid = {A4ED1037-DC6E-4378-9DFA-45776B4B0966}
	EndGlobalSection
EndGlobal
